
Microsoft Visual Studio Solution File, Format Version 12.00
# Visual Studio Version 16
VisualStudioVersion = 16.0.30804.86
MinimumVisualStudioVersion = 10.0.40219.1
Project("{FAE04EC0-301F-11D3-BF4B-00C04F79EFBC}") = "Finances", "Finances\Finances.csproj", "{6A2D555E-0A10-4C00-A985-6FC8D44FBB02}"
EndProject
Global
	GlobalSection(SolutionConfigurationPlatforms) = preSolution
		Debug|Any CPU = Debug|Any CPU
		Release|Any CPU = Release|Any CPU
	EndGlobalSection
	GlobalSection(ProjectConfigurationPlatforms) = postSolution
		{6A2D555E-0A10-4C00-A985-6FC8D44FBB02}.Debug|Any CPU.ActiveCfg = Debug|Any CPU
		{6A2D555E-0A10-4C00-A985-6FC8D44FBB02}.Debug|Any CPU.Build.0 = Debug|Any CPU
		{6A2D555E-0A10-4C00-A985-6FC8D44FBB02}.Release|Any CPU.ActiveCfg = Release|Any CPU
		{6A2D555E-0A10-4C00-A985-6FC8D44FBB02}.Release|Any CPU.Build.0 = Release|Any CPU
	EndGlobalSection
	GlobalSection(SolutionProperties) = preSolution
		HideSolutionNode = FALSE
	EndGlobalSection
	GlobalSection(ExtensibilityGlobals) = postSolution
		SolutionGuid = {1842EDBB-BA55-47D1-8340-26F585CA7C3A}
	EndGlobalSection
EndGlobal
